
Microsoft Visual Studio Solution File, Format Version 12.00
# Visual Studio Version 16
VisualStudioVersion = 16.0.29409.12
MinimumVisualStudioVersion = 10.0.40219.1
Project("{FAE04EC0-301F-11D3-BF4B-00C04F79EFBC}") = "hello1", "hello1.csproj", "{2B417261-CED6-42D4-88B6-EB63003AFEBD}"
EndProject
Global
	GlobalSection(SolutionConfigurationPlatforms) = preSolution
		Debug|Any CPU = Debug|Any CPU
		Release|Any CPU = Release|Any CPU
	EndGlobalSection
	GlobalSection(ProjectConfigurationPlatforms) = postSolution
		{2B417261-CED6-42D4-88B6-EB63003AFEBD}.Debug|Any CPU.ActiveCfg = Debug|Any CPU
		{2B417261-CED6-42D4-88B6-EB63003AFEBD}.Debug|Any CPU.Build.0 = Debug|Any CPU
		{2B417261-CED6-42D4-88B6-EB63003AFEBD}.Release|Any CPU.ActiveCfg = Release|Any CPU
		{2B417261-CED6-42D4-88B6-EB63003AFEBD}.Release|Any CPU.Build.0 = Release|Any CPU
	EndGlobalSection
	GlobalSection(SolutionProperties) = preSolution
		HideSolutionNode = FALSE
	EndGlobalSection
	GlobalSection(ExtensibilityGlobals) = postSolution
		SolutionGuid = {0C0D6757-A6F5-471B-878A-852123E4EDC4}
	EndGlobalSection
EndGlobal
